{
  "requires": true,
  "lockfileVersion": 1,
  "dependencies": {
    "domino": {
      "version": "2.1.6",
      "resolved": "https://registry.npmjs.org/domino/-/domino-2.1.6.tgz",
      "integrity": "sha512-3VdM/SXBZX2omc9JF9nOPCtDaYQ67BGp5CoLpIQlO2KCAPETs8TcDHacF26jXadGbvUteZzRTeos2fhID5+ucQ=="
    },
    "page-metadata-parser": {
      "version": "1.1.4",
      "resolved": "https://registry.npmjs.org/page-metadata-parser/-/page-metadata-parser-1.1.4.tgz",
      "integrity": "sha512-TbPNw7GddbHs4c2DyYinFvh51BVsaMfdrweeylzGlg8qeuzALGxq2NF+6jbmeKc7DnU2BZRDOuWNnEjDwUSqRQ=="
    }
  }
}
